{
  "object": {
    "pins": [
      {
        "package": "Connectivity",
        "repositoryURL": "git@github.com:k3zi/Connectivity.git",
        "state": {
          "branch": "support_spm",
          "revision": "52616d12e9dddba3008eb888b8fa000c861fe11a",
          "version": null
        }
      },
      {
        "package": "Gooey",
        "repositoryURL": "git@github.com:k3zi/Gooey.git",
        "state": {
          "branch": "develop",
          "revision": "d8df5b0e21b841acfe372284b346ccfc98537828",
          "version": null
        }
      },
      {
        "package": "Nimble",
        "repositoryURL": "https://github.com/Quick/Nimble.git",
        "state": {
          "branch": null,
          "revision": "f8657642dfdec9973efc79cc68bcef43a653a2bc",
          "version": "8.0.2"
        }
      },
      {
        "package": "PlexSwift",
        "repositoryURL": "git@github.com:k3zi/PlexSwift.git",
        "state": {
          "branch": null,
          "revision": "1b4b80b218775ec23891d0497c4e30e3aac4fcb1",
          "version": "0.1.0"
        }
      },
      {
        "package": "Predicate",
        "repositoryURL": "git@github.com:k3zi/Predicate.git",
        "state": {
          "branch": null,
          "revision": "fd804e26793da2185fdeff367a49a62ce126c92b",
          "version": "0.1.0"
        }
      },
      {
        "package": "Quick",
        "repositoryURL": "https://github.com/Quick/Quick.git",
        "state": {
          "branch": null,
          "revision": "94df9b449508344667e5afc7e80f8bcbff1e4c37",
          "version": "2.1.0"
        }
      },
      {
        "package": "XMLMapper",
        "repositoryURL": "https://github.com/gcharita/XMLMapper.git",
        "state": {
          "branch": null,
          "revision": "a3bf34e7331ab34fa3df031c7a16ad9b22514ee3",
          "version": "1.5.3"
        }
      }
    ]
  },
  "version": 1
}
