PODS:
  - Alamofire (4.8.2)
  - AlamofireImage (3.5.1):
    - Alamofire (~> 4.8)
  - AwaitKit (5.1.0):
    - PromiseKit (~> 6)
  - CocoaSecurity (1.2.4)
  - Connectivity (2.2.1)
  - Differentiator (3.1.0)
  - Flix (2.0.0):
    - RxCocoa (~> 4.3)
    - RxDataSources (~> 3.1)
    - RxSwift (~> 4.3)
  - KZ (3.0.0):
    - PureLayout
    - Reusable
  - PromiseKit (6.8.3):
    - PromiseKit/CorePromise (= 6.8.3)
    - PromiseKit/Foundation (= 6.8.3)
    - PromiseKit/UIKit (= 6.8.3)
  - PromiseKit/Alamofire (6.8.3):
    - Alamofire (~> 4.0)
    - PromiseKit/CorePromise
  - PromiseKit/CorePromise (6.8.3)
  - PromiseKit/Foundation (6.8.3):
    - PromiseKit/CorePromise
  - PromiseKit/UIKit (6.8.3):
    - PromiseKit/CorePromise
  - PRTween (0.1.0)
  - PureLayout (3.1.4)
  - Realm (3.14.0):
    - Realm/Headers (= 3.14.0)
  - Realm/Headers (3.14.0)
  - RealmSwift (3.14.0):
    - Realm (= 3.14.0)
  - Reusable (4.0.5):
    - Reusable/Storyboard (= 4.0.5)
    - Reusable/View (= 4.0.5)
  - Reusable/Storyboard (4.0.5)
  - Reusable/View (4.0.5)
  - RxAtomic (4.4.2)
  - RxCocoa (4.4.2):
    - RxSwift (>= 4.4.2, ~> 4.4)
  - RxDataSources (3.1.0):
    - Differentiator (~> 3.0)
    - RxCocoa (~> 4.0)
    - RxSwift (~> 4.0)
  - RxSwift (4.4.2):
    - RxAtomic (>= 4.4.2, ~> 4.4)
  - SecureNSUserDefaults (1.0.1):
    - CocoaSecurity (~> 1.2.4)
  - XMLMapper (1.5.2):
    - XMLMapper/Core (= 1.5.2)
  - XMLMapper/Core (1.5.2)
  - Zip (1.1.0)

DEPENDENCIES:
  - Alamofire
  - AlamofireImage
  - AwaitKit
  - Connectivity
  - Flix
  - KZ
  - PromiseKit/Alamofire
  - PRTween
  - PureLayout
  - RealmSwift
  - Reusable
  - SecureNSUserDefaults
  - XMLMapper
  - Zip

SPEC REPOS:
  https://github.com/cocoapods/specs.git:
    - Alamofire
    - AlamofireImage
    - AwaitKit
    - CocoaSecurity
    - Connectivity
    - Differentiator
    - Flix
    - KZ
    - PromiseKit
    - PRTween
    - PureLayout
    - Realm
    - RealmSwift
    - Reusable
    - RxAtomic
    - RxCocoa
    - RxDataSources
    - RxSwift
    - SecureNSUserDefaults
    - XMLMapper
    - Zip

SPEC CHECKSUMS:
  Alamofire: ae5c501addb7afdbb13687d7f2f722c78734c2d3
  AlamofireImage: 1ea645cb3328d612ba7f3e3d75a947a17eb427c2
  AwaitKit: a8a3d8982097ee09ac75f5c5d3952fbcc2f26f1c
  CocoaSecurity: d288a6f87e0f363823d2cb83e753814a6944f71a
  Connectivity: 120bdaaed16f708b0762603cbca6fd496cde9ca7
  Differentiator: be49ca3408f0ecfc761e4c7763d20c62be01b9ad
  Flix: 04392305c5fa58d2c2b75b1fd1ff523d9d860bc4
  KZ: d1fe64ceba678500fd8ded4698f9eeeae7949c37
  PromiseKit: 94c6e781838c5bf4717677d0d882b0e7250c80fc
  PRTween: 6c58c7e32ebcf31e33e6a6e6bc727ebef3b668ef
  PureLayout: f08c01b8dec00bb14a1fefa3de4c7d9c265df85e
  Realm: 221b25919bb5a010a3c597d707f8df3492dcd93a
  RealmSwift: 28f22dfa6a27b9a778cfb09471558b6afcf1022c
  Reusable: 188be1a54ac0691bc66e5bb24ec6eb91971b315b
  RxAtomic: d00e97c10db88c6f08540e0bf2752fc5a2404167
  RxCocoa: 477990dc3b4c3ff55fb0ac77e1cc06244e0aaec8
  RxDataSources: a843bad90c29817f5923ec8163f4af2de084ceb3
  RxSwift: 74c29b693c8e42b0f64400e8b06564575742d649
  SecureNSUserDefaults: 8a07fc6a6fde31c7f8fa6ead73d3c9c3706a6364
  XMLMapper: e562e26d47ebc9a48370b97b4fd1b03c51148cb6
  Zip: 8877eede3dda76bcac281225c20e71c25270774c

PODFILE CHECKSUM: 1475a1cf0b4b90feac9ae118fc0bb6da8668dec6

COCOAPODS: 1.6.0.beta.2
