PODS:
  - Alamofire (4.8.1)
  - AlamofireImage (3.5.0):
    - Alamofire (~> 4.8)
  - AwaitKit (5.1.0):
    - PromiseKit (~> 6)
  - CocoaSecurity (1.2.4)
  - Connectivity (2.1.0)
  - Differentiator (3.1.0)
  - Flix (2.0.0):
    - RxCocoa (~> 4.3)
    - RxDataSources (~> 3.1)
    - RxSwift (~> 4.3)
  - KZ (3.0.0):
    - PureLayout
    - Reusable
  - PromiseKit (6.8.0):
    - PromiseKit/CorePromise (= 6.8.0)
    - PromiseKit/Foundation (= 6.8.0)
    - PromiseKit/UIKit (= 6.8.0)
  - PromiseKit/Alamofire (6.8.0):
    - Alamofire (~> 4.0)
    - PromiseKit/CorePromise
  - PromiseKit/CorePromise (6.8.0)
  - PromiseKit/Foundation (6.8.0):
    - PromiseKit/CorePromise
  - PromiseKit/UIKit (6.8.0):
    - PromiseKit/CorePromise
  - PRTween (0.1.0)
  - PureLayout (3.1.4)
  - Realm (3.13.1):
    - Realm/Headers (= 3.13.1)
  - Realm/Headers (3.13.1)
  - RealmSwift (3.13.1):
    - Realm (= 3.13.1)
  - Reusable (4.0.5):
    - Reusable/Storyboard (= 4.0.5)
    - Reusable/View (= 4.0.5)
  - Reusable/Storyboard (4.0.5)
  - Reusable/View (4.0.5)
  - RxAtomic (4.4.0)
  - RxCocoa (4.4.0):
    - RxSwift (~> 4.0)
  - RxDataSources (3.1.0):
    - Differentiator (~> 3.0)
    - RxCocoa (~> 4.0)
    - RxSwift (~> 4.0)
  - RxSwift (4.4.0):
    - RxAtomic (~> 4.4)
  - SecureNSUserDefaults (1.0.1):
    - CocoaSecurity (~> 1.2.4)
  - XMLMapper (1.5.2):
    - XMLMapper/Core (= 1.5.2)
  - XMLMapper/Core (1.5.2)
  - Zip (1.1.0)

DEPENDENCIES:
  - Alamofire
  - AlamofireImage
  - AwaitKit
  - Connectivity
  - Flix
  - KZ
  - PromiseKit/Alamofire
  - PRTween
  - PureLayout
  - RealmSwift
  - Reusable
  - SecureNSUserDefaults
  - XMLMapper
  - Zip

SPEC REPOS:
  https://github.com/cocoapods/specs.git:
    - Alamofire
    - AlamofireImage
    - AwaitKit
    - CocoaSecurity
    - Connectivity
    - Differentiator
    - Flix
    - KZ
    - PromiseKit
    - PRTween
    - PureLayout
    - Realm
    - RealmSwift
    - Reusable
    - RxAtomic
    - RxCocoa
    - RxDataSources
    - RxSwift
    - SecureNSUserDefaults
    - XMLMapper
    - Zip

SPEC CHECKSUMS:
  Alamofire: 16ce2c353fb72865124ddae8a57c5942388f4f11
  AlamofireImage: 1aea346f4dda2f6c67622fa5a89fcbb80d79cc16
  AwaitKit: a8a3d8982097ee09ac75f5c5d3952fbcc2f26f1c
  CocoaSecurity: d288a6f87e0f363823d2cb83e753814a6944f71a
  Connectivity: ae16e766bf476d48e3636e6a0bd2fa8c3e6a0602
  Differentiator: be49ca3408f0ecfc761e4c7763d20c62be01b9ad
  Flix: 04392305c5fa58d2c2b75b1fd1ff523d9d860bc4
  KZ: d1fe64ceba678500fd8ded4698f9eeeae7949c37
  PromiseKit: 02c93833283c37ce94ef7d25de63d48d62b0754e
  PRTween: 6c58c7e32ebcf31e33e6a6e6bc727ebef3b668ef
  PureLayout: f08c01b8dec00bb14a1fefa3de4c7d9c265df85e
  Realm: 50071da38fe079e0735e47c9f2eae738c68c5996
  RealmSwift: 8a1e6a02b7a08cd17a31e3115143fb69fe5f3fb9
  Reusable: 188be1a54ac0691bc66e5bb24ec6eb91971b315b
  RxAtomic: eacf60db868c96bfd63320e28619fe29c179656f
  RxCocoa: df63ebf7b9a70d6b4eeea407ed5dd4efc8979749
  RxDataSources: a843bad90c29817f5923ec8163f4af2de084ceb3
  RxSwift: 5976ecd04fc2fefd648827c23de5e11157faa973
  SecureNSUserDefaults: 8a07fc6a6fde31c7f8fa6ead73d3c9c3706a6364
  XMLMapper: e562e26d47ebc9a48370b97b4fd1b03c51148cb6
  Zip: 8877eede3dda76bcac281225c20e71c25270774c

PODFILE CHECKSUM: 2b2d8622730bea04b80f1ce681a6795bc3cf2337

COCOAPODS: 1.6.0.beta.2
